
Microsoft Visual Studio Solution File, Format Version 12.00
# Visual Studio Version 17
VisualStudioVersion = 17.13.35931.197
MinimumVisualStudioVersion = 10.0.40219.1
Project("{FAE04EC0-301F-11D3-BF4B-00C04F79EFBC}") = "Project1.Database", "Project1.Database\Project1.Database.csproj", "{7B257FA7-C5CB-4A74-81BE-0D0710837C45}"
EndProject
Project("{2150E333-8FDC-42A3-9474-1A3956D46DE8}") = "Project1", "Project1", "{02EA681E-C7D8-13C7-8484-4AC65E1B71E8}"
EndProject
Project("{FAE04EC0-301F-11D3-BF4B-00C04F79EFBC}") = "Project1.WebApi", "Project1.WebApi\Project1.WebApi.csproj", "{879F1EE8-2E85-48A9-A73E-D71EF39B34DF}"
EndProject
Project("{FAE04EC0-301F-11D3-BF4B-00C04F79EFBC}") = "Project1.Domain", "Project1.Domain\Project1.Domain.csproj", "{53B51157-DCBC-4CBB-93FD-29D43EEA6B87}"
EndProject
Project("{2150E333-8FDC-42A3-9474-1A3956D46DE8}") = "Project2", "Project2", "{A76732E0-24D7-4552-AAAD-5C282A6D0408}"
EndProject
Project("{FAE04EC0-301F-11D3-BF4B-00C04F79EFBC}") = "Project2Database", "Project2Dream\Project2Database.csproj", "{DF875F05-0E2C-4234-99E3-3D6E877AF017}"
EndProject
Project("{FAE04EC0-301F-11D3-BF4B-00C04F79EFBC}") = "Project2Api", "Project2Api\Project2Api.csproj", "{E15307AF-A708-4412-B10B-F4057A32D056}"
EndProject
Project("{FAE04EC0-301F-11D3-BF4B-00C04F79EFBC}") = "Prj2Services", "Prj2Services\Prj2Services.csproj", "{57507425-6E7C-41B7-8E7D-078426CA6A91}"
EndProject
Project("{2150E333-8FDC-42A3-9474-1A3956D46DE8}") = "Project3", "Project3", "{F45B7F9B-88FE-4BAC-85F2-A55A452CC5F7}"
EndProject
Project("{FAE04EC0-301F-11D3-BF4B-00C04F79EFBC}") = "Prj3Database", "Prj3Database\Prj3Database.csproj", "{0E965092-7CB6-4AAC-92CF-25698A29E861}"
EndProject
Project("{FAE04EC0-301F-11D3-BF4B-00C04F79EFBC}") = "Prj3Api", "Prj3Api\Prj3Api.csproj", "{95C0F460-0CBB-45BD-A3D2-12DCEA714887}"
EndProject
Project("{2150E333-8FDC-42A3-9474-1A3956D46DE8}") = "Project4", "Project4", "{00EA51A5-6201-4122-8073-53AE6FC4AE0D}"
EndProject
Project("{FAE04EC0-301F-11D3-BF4B-00C04F79EFBC}") = "Project4MinimalApi", "Project4Api\Project4MinimalApi.csproj", "{8805C20E-607E-4DBD-9430-59A72D51FEFC}"
EndProject
Project("{2150E333-8FDC-42A3-9474-1A3956D46DE8}") = "Project5", "Project5", "{92DCE56A-A53E-41F6-9472-C91B74B6DABB}"
EndProject
Project("{FAE04EC0-301F-11D3-BF4B-00C04F79EFBC}") = "Project5Database", "Project4Database\Project5Database.csproj", "{2C9983CD-157E-4121-99C4-86331DC036F5}"
EndProject
Project("{FAE04EC0-301F-11D3-BF4B-00C04F79EFBC}") = "Project5Api", "Project5Api\Project5Api.csproj", "{A845CAF3-DBBB-4842-956B-00DC652EF120}"
EndProject
Global
	GlobalSection(SolutionConfigurationPlatforms) = preSolution
		Debug|Any CPU = Debug|Any CPU
		Release|Any CPU = Release|Any CPU
	EndGlobalSection
	GlobalSection(ProjectConfigurationPlatforms) = postSolution
		{7B257FA7-C5CB-4A74-81BE-0D0710837C45}.Debug|Any CPU.ActiveCfg = Debug|Any CPU
		{7B257FA7-C5CB-4A74-81BE-0D0710837C45}.Debug|Any CPU.Build.0 = Debug|Any CPU
		{7B257FA7-C5CB-4A74-81BE-0D0710837C45}.Release|Any CPU.ActiveCfg = Release|Any CPU
		{7B257FA7-C5CB-4A74-81BE-0D0710837C45}.Release|Any CPU.Build.0 = Release|Any CPU
		{879F1EE8-2E85-48A9-A73E-D71EF39B34DF}.Debug|Any CPU.ActiveCfg = Debug|Any CPU
		{879F1EE8-2E85-48A9-A73E-D71EF39B34DF}.Debug|Any CPU.Build.0 = Debug|Any CPU
		{879F1EE8-2E85-48A9-A73E-D71EF39B34DF}.Release|Any CPU.ActiveCfg = Release|Any CPU
		{879F1EE8-2E85-48A9-A73E-D71EF39B34DF}.Release|Any CPU.Build.0 = Release|Any CPU
		{53B51157-DCBC-4CBB-93FD-29D43EEA6B87}.Debug|Any CPU.ActiveCfg = Debug|Any CPU
		{53B51157-DCBC-4CBB-93FD-29D43EEA6B87}.Debug|Any CPU.Build.0 = Debug|Any CPU
		{53B51157-DCBC-4CBB-93FD-29D43EEA6B87}.Release|Any CPU.ActiveCfg = Release|Any CPU
		{53B51157-DCBC-4CBB-93FD-29D43EEA6B87}.Release|Any CPU.Build.0 = Release|Any CPU
		{DF875F05-0E2C-4234-99E3-3D6E877AF017}.Debug|Any CPU.ActiveCfg = Debug|Any CPU
		{DF875F05-0E2C-4234-99E3-3D6E877AF017}.Debug|Any CPU.Build.0 = Debug|Any CPU
		{DF875F05-0E2C-4234-99E3-3D6E877AF017}.Release|Any CPU.ActiveCfg = Release|Any CPU
		{DF875F05-0E2C-4234-99E3-3D6E877AF017}.Release|Any CPU.Build.0 = Release|Any CPU
		{E15307AF-A708-4412-B10B-F4057A32D056}.Debug|Any CPU.ActiveCfg = Debug|Any CPU
		{E15307AF-A708-4412-B10B-F4057A32D056}.Debug|Any CPU.Build.0 = Debug|Any CPU
		{E15307AF-A708-4412-B10B-F4057A32D056}.Release|Any CPU.ActiveCfg = Release|Any CPU
		{E15307AF-A708-4412-B10B-F4057A32D056}.Release|Any CPU.Build.0 = Release|Any CPU
		{57507425-6E7C-41B7-8E7D-078426CA6A91}.Debug|Any CPU.ActiveCfg = Debug|Any CPU
		{57507425-6E7C-41B7-8E7D-078426CA6A91}.Debug|Any CPU.Build.0 = Debug|Any CPU
		{57507425-6E7C-41B7-8E7D-078426CA6A91}.Release|Any CPU.ActiveCfg = Release|Any CPU
		{57507425-6E7C-41B7-8E7D-078426CA6A91}.Release|Any CPU.Build.0 = Release|Any CPU
		{0E965092-7CB6-4AAC-92CF-25698A29E861}.Debug|Any CPU.ActiveCfg = Debug|Any CPU
		{0E965092-7CB6-4AAC-92CF-25698A29E861}.Debug|Any CPU.Build.0 = Debug|Any CPU
		{0E965092-7CB6-4AAC-92CF-25698A29E861}.Release|Any CPU.ActiveCfg = Release|Any CPU
		{0E965092-7CB6-4AAC-92CF-25698A29E861}.Release|Any CPU.Build.0 = Release|Any CPU
		{95C0F460-0CBB-45BD-A3D2-12DCEA714887}.Debug|Any CPU.ActiveCfg = Debug|Any CPU
		{95C0F460-0CBB-45BD-A3D2-12DCEA714887}.Debug|Any CPU.Build.0 = Debug|Any CPU
		{95C0F460-0CBB-45BD-A3D2-12DCEA714887}.Release|Any CPU.ActiveCfg = Release|Any CPU
		{95C0F460-0CBB-45BD-A3D2-12DCEA714887}.Release|Any CPU.Build.0 = Release|Any CPU
		{8805C20E-607E-4DBD-9430-59A72D51FEFC}.Debug|Any CPU.ActiveCfg = Debug|Any CPU
		{8805C20E-607E-4DBD-9430-59A72D51FEFC}.Debug|Any CPU.Build.0 = Debug|Any CPU
		{8805C20E-607E-4DBD-9430-59A72D51FEFC}.Release|Any CPU.ActiveCfg = Release|Any CPU
		{8805C20E-607E-4DBD-9430-59A72D51FEFC}.Release|Any CPU.Build.0 = Release|Any CPU
		{2C9983CD-157E-4121-99C4-86331DC036F5}.Debug|Any CPU.ActiveCfg = Debug|Any CPU
		{2C9983CD-157E-4121-99C4-86331DC036F5}.Debug|Any CPU.Build.0 = Debug|Any CPU
		{2C9983CD-157E-4121-99C4-86331DC036F5}.Release|Any CPU.ActiveCfg = Release|Any CPU
		{2C9983CD-157E-4121-99C4-86331DC036F5}.Release|Any CPU.Build.0 = Release|Any CPU
		{A845CAF3-DBBB-4842-956B-00DC652EF120}.Debug|Any CPU.ActiveCfg = Debug|Any CPU
		{A845CAF3-DBBB-4842-956B-00DC652EF120}.Debug|Any CPU.Build.0 = Debug|Any CPU
		{A845CAF3-DBBB-4842-956B-00DC652EF120}.Release|Any CPU.ActiveCfg = Release|Any CPU
		{A845CAF3-DBBB-4842-956B-00DC652EF120}.Release|Any CPU.Build.0 = Release|Any CPU
	EndGlobalSection
	GlobalSection(SolutionProperties) = preSolution
		HideSolutionNode = FALSE
	EndGlobalSection
	GlobalSection(NestedProjects) = preSolution
		{7B257FA7-C5CB-4A74-81BE-0D0710837C45} = {02EA681E-C7D8-13C7-8484-4AC65E1B71E8}
		{879F1EE8-2E85-48A9-A73E-D71EF39B34DF} = {02EA681E-C7D8-13C7-8484-4AC65E1B71E8}
		{53B51157-DCBC-4CBB-93FD-29D43EEA6B87} = {02EA681E-C7D8-13C7-8484-4AC65E1B71E8}
		{DF875F05-0E2C-4234-99E3-3D6E877AF017} = {A76732E0-24D7-4552-AAAD-5C282A6D0408}
		{E15307AF-A708-4412-B10B-F4057A32D056} = {A76732E0-24D7-4552-AAAD-5C282A6D0408}
		{57507425-6E7C-41B7-8E7D-078426CA6A91} = {A76732E0-24D7-4552-AAAD-5C282A6D0408}
		{0E965092-7CB6-4AAC-92CF-25698A29E861} = {F45B7F9B-88FE-4BAC-85F2-A55A452CC5F7}
		{95C0F460-0CBB-45BD-A3D2-12DCEA714887} = {F45B7F9B-88FE-4BAC-85F2-A55A452CC5F7}
		{8805C20E-607E-4DBD-9430-59A72D51FEFC} = {00EA51A5-6201-4122-8073-53AE6FC4AE0D}
		{2C9983CD-157E-4121-99C4-86331DC036F5} = {92DCE56A-A53E-41F6-9472-C91B74B6DABB}
		{A845CAF3-DBBB-4842-956B-00DC652EF120} = {92DCE56A-A53E-41F6-9472-C91B74B6DABB}
	EndGlobalSection
	GlobalSection(ExtensibilityGlobals) = postSolution
		SolutionGuid = {AB1CF170-BCB8-495B-95A7-2726E62B7704}
	EndGlobalSection
EndGlobal
